
Microsoft Visual Studio Solution File, Format Version 12.00
# Visual Studio Version 16
VisualStudioVersion = 16.0.32106.194
MinimumVisualStudioVersion = 10.0.40219.1
Project("{8BC9CEB8-8B4A-11D0-8D11-00A0C91BC942}") = "代理模式", "代理模式.vcxproj", "{7DE19B8C-A144-4914-A60D-6CBEFC6F82DD}"
EndProject
Global
	GlobalSection(SolutionConfigurationPlatforms) = preSolution
		Debug|x64 = Debug|x64
		Debug|x86 = Debug|x86
		Release|x64 = Release|x64
		Release|x86 = Release|x86
	EndGlobalSection
	GlobalSection(ProjectConfigurationPlatforms) = postSolution
		{7DE19B8C-A144-4914-A60D-6CBEFC6F82DD}.Debug|x64.ActiveCfg = Debug|x64
		{7DE19B8C-A144-4914-A60D-6CBEFC6F82DD}.Debug|x64.Build.0 = Debug|x64
		{7DE19B8C-A144-4914-A60D-6CBEFC6F82DD}.Debug|x86.ActiveCfg = Debug|Win32
		{7DE19B8C-A144-4914-A60D-6CBEFC6F82DD}.Debug|x86.Build.0 = Debug|Win32
		{7DE19B8C-A144-4914-A60D-6CBEFC6F82DD}.Release|x64.ActiveCfg = Release|x64
		{7DE19B8C-A144-4914-A60D-6CBEFC6F82DD}.Release|x64.Build.0 = Release|x64
		{7DE19B8C-A144-4914-A60D-6CBEFC6F82DD}.Release|x86.ActiveCfg = Release|Win32
		{7DE19B8C-A144-4914-A60D-6CBEFC6F82DD}.Release|x86.Build.0 = Release|Win32
	EndGlobalSection
	GlobalSection(SolutionProperties) = preSolution
		HideSolutionNode = FALSE
	EndGlobalSection
	GlobalSection(ExtensibilityGlobals) = postSolution
		SolutionGuid = {A2B2812F-6346-49BC-9941-A92AC868AE40}
	EndGlobalSection
EndGlobal
